
Microsoft Visual Studio Solution File, Format Version 12.00
# Visual Studio Version 17
VisualStudioVersion = 17.13.35931.197 d17.13
MinimumVisualStudioVersion = 10.0.40219.1
Project("{FAE04EC0-301F-11D3-BF4B-00C04F79EFBC}") = "CyberDashboard", "CyberDashboard\CyberDashboard.csproj", "{BD761166-0C15-48BE-81D2-6B29BFF75E76}"
EndProject
Global
	GlobalSection(SolutionConfigurationPlatforms) = preSolution
		Debug|Any CPU = Debug|Any CPU
		Release|Any CPU = Release|Any CPU
	EndGlobalSection
	GlobalSection(ProjectConfigurationPlatforms) = postSolution
		{BD761166-0C15-48BE-81D2-6B29BFF75E76}.Debug|Any CPU.ActiveCfg = Debug|Any CPU
		{BD761166-0C15-48BE-81D2-6B29BFF75E76}.Debug|Any CPU.Build.0 = Debug|Any CPU
		{BD761166-0C15-48BE-81D2-6B29BFF75E76}.Release|Any CPU.ActiveCfg = Release|Any CPU
		{BD761166-0C15-48BE-81D2-6B29BFF75E76}.Release|Any CPU.Build.0 = Release|Any CPU
	EndGlobalSection
	GlobalSection(SolutionProperties) = preSolution
		HideSolutionNode = FALSE
	EndGlobalSection
	GlobalSection(ExtensibilityGlobals) = postSolution
		SolutionGuid = {5EE58CF0-66E8-4BF1-ADAE-84DFCB84DE4F}
	EndGlobalSection
EndGlobal
